
Microsoft Visual Studio Solution File, Format Version 12.00
# Visual Studio Version 16
VisualStudioVersion = 16.0.31729.503
MinimumVisualStudioVersion = 10.0.40219.1
Project("{FAE04EC0-301F-11D3-BF4B-00C04F79EFBC}") = "Develab.Android", "Develab\Develab.Android\Develab.Android.csproj", "{FC774614-9953-4272-A19F-32FC00150585}"
EndProject
Project("{FAE04EC0-301F-11D3-BF4B-00C04F79EFBC}") = "Develab.iOS", "Develab\Develab.iOS\Develab.iOS.csproj", "{28E18A6E-F3AC-4F62-AEB3-AEF28942F028}"
EndProject
Project("{FAE04EC0-301F-11D3-BF4B-00C04F79EFBC}") = "Develab", "Develab\Develab\Develab.csproj", "{16F7FBF4-64A0-4544-BCAD-213A7BC6EDD4}"
EndProject
Global
	GlobalSection(SolutionConfigurationPlatforms) = preSolution
		Debug|Any CPU = Debug|Any CPU
		Debug|iPhone = Debug|iPhone
		Debug|iPhoneSimulator = Debug|iPhoneSimulator
		Release|Any CPU = Release|Any CPU
		Release|iPhone = Release|iPhone
		Release|iPhoneSimulator = Release|iPhoneSimulator
	EndGlobalSection
	GlobalSection(ProjectConfigurationPlatforms) = postSolution
		{FC774614-9953-4272-A19F-32FC00150585}.Debug|Any CPU.ActiveCfg = Debug|Any CPU
		{FC774614-9953-4272-A19F-32FC00150585}.Debug|Any CPU.Build.0 = Debug|Any CPU
		{FC774614-9953-4272-A19F-32FC00150585}.Debug|Any CPU.Deploy.0 = Debug|Any CPU
		{FC774614-9953-4272-A19F-32FC00150585}.Debug|iPhone.ActiveCfg = Debug|Any CPU
		{FC774614-9953-4272-A19F-32FC00150585}.Debug|iPhone.Build.0 = Debug|Any CPU
		{FC774614-9953-4272-A19F-32FC00150585}.Debug|iPhone.Deploy.0 = Debug|Any CPU
		{FC774614-9953-4272-A19F-32FC00150585}.Debug|iPhoneSimulator.ActiveCfg = Debug|Any CPU
		{FC774614-9953-4272-A19F-32FC00150585}.Debug|iPhoneSimulator.Build.0 = Debug|Any CPU
		{FC774614-9953-4272-A19F-32FC00150585}.Debug|iPhoneSimulator.Deploy.0 = Debug|Any CPU
		{FC774614-9953-4272-A19F-32FC00150585}.Release|Any CPU.ActiveCfg = Release|Any CPU
		{FC774614-9953-4272-A19F-32FC00150585}.Release|Any CPU.Build.0 = Release|Any CPU
		{FC774614-9953-4272-A19F-32FC00150585}.Release|Any CPU.Deploy.0 = Release|Any CPU
		{FC774614-9953-4272-A19F-32FC00150585}.Release|iPhone.ActiveCfg = Release|Any CPU
		{FC774614-9953-4272-A19F-32FC00150585}.Release|iPhone.Build.0 = Release|Any CPU
		{FC774614-9953-4272-A19F-32FC00150585}.Release|iPhone.Deploy.0 = Release|Any CPU
		{FC774614-9953-4272-A19F-32FC00150585}.Release|iPhoneSimulator.ActiveCfg = Release|Any CPU
		{FC774614-9953-4272-A19F-32FC00150585}.Release|iPhoneSimulator.Build.0 = Release|Any CPU
		{FC774614-9953-4272-A19F-32FC00150585}.Release|iPhoneSimulator.Deploy.0 = Release|Any CPU
		{28E18A6E-F3AC-4F62-AEB3-AEF28942F028}.Debug|Any CPU.ActiveCfg = Debug|iPhone
		{28E18A6E-F3AC-4F62-AEB3-AEF28942F028}.Debug|Any CPU.Build.0 = Debug|iPhone
		{28E18A6E-F3AC-4F62-AEB3-AEF28942F028}.Debug|Any CPU.Deploy.0 = Debug|iPhone
		{28E18A6E-F3AC-4F62-AEB3-AEF28942F028}.Debug|iPhone.ActiveCfg = Debug|iPhone
		{28E18A6E-F3AC-4F62-AEB3-AEF28942F028}.Debug|iPhone.Build.0 = Debug|iPhone
		{28E18A6E-F3AC-4F62-AEB3-AEF28942F028}.Debug|iPhone.Deploy.0 = Debug|iPhone
		{28E18A6E-F3AC-4F62-AEB3-AEF28942F028}.Debug|iPhoneSimulator.ActiveCfg = Debug|iPhoneSimulator
		{28E18A6E-F3AC-4F62-AEB3-AEF28942F028}.Debug|iPhoneSimulator.Build.0 = Debug|iPhoneSimulator
		{28E18A6E-F3AC-4F62-AEB3-AEF28942F028}.Debug|iPhoneSimulator.Deploy.0 = Debug|iPhoneSimulator
		{28E18A6E-F3AC-4F62-AEB3-AEF28942F028}.Release|Any CPU.ActiveCfg = Release|iPhoneSimulator
		{28E18A6E-F3AC-4F62-AEB3-AEF28942F028}.Release|Any CPU.Build.0 = Release|iPhoneSimulator
		{28E18A6E-F3AC-4F62-AEB3-AEF28942F028}.Release|Any CPU.Deploy.0 = Release|iPhoneSimulator
		{28E18A6E-F3AC-4F62-AEB3-AEF28942F028}.Release|iPhone.ActiveCfg = Release|iPhone
		{28E18A6E-F3AC-4F62-AEB3-AEF28942F028}.Release|iPhone.Build.0 = Release|iPhone
		{28E18A6E-F3AC-4F62-AEB3-AEF28942F028}.Release|iPhone.Deploy.0 = Release|iPhone
		{28E18A6E-F3AC-4F62-AEB3-AEF28942F028}.Release|iPhoneSimulator.ActiveCfg = Release|iPhoneSimulator
		{28E18A6E-F3AC-4F62-AEB3-AEF28942F028}.Release|iPhoneSimulator.Build.0 = Release|iPhoneSimulator
		{28E18A6E-F3AC-4F62-AEB3-AEF28942F028}.Release|iPhoneSimulator.Deploy.0 = Release|iPhoneSimulator
		{16F7FBF4-64A0-4544-BCAD-213A7BC6EDD4}.Debug|Any CPU.ActiveCfg = Debug|Any CPU
		{16F7FBF4-64A0-4544-BCAD-213A7BC6EDD4}.Debug|Any CPU.Build.0 = Debug|Any CPU
		{16F7FBF4-64A0-4544-BCAD-213A7BC6EDD4}.Debug|Any CPU.Deploy.0 = Debug|Any CPU
		{16F7FBF4-64A0-4544-BCAD-213A7BC6EDD4}.Debug|iPhone.ActiveCfg = Debug|Any CPU
		{16F7FBF4-64A0-4544-BCAD-213A7BC6EDD4}.Debug|iPhone.Build.0 = Debug|Any CPU
		{16F7FBF4-64A0-4544-BCAD-213A7BC6EDD4}.Debug|iPhone.Deploy.0 = Debug|Any CPU
		{16F7FBF4-64A0-4544-BCAD-213A7BC6EDD4}.Debug|iPhoneSimulator.ActiveCfg = Debug|Any CPU
		{16F7FBF4-64A0-4544-BCAD-213A7BC6EDD4}.Debug|iPhoneSimulator.Build.0 = Debug|Any CPU
		{16F7FBF4-64A0-4544-BCAD-213A7BC6EDD4}.Debug|iPhoneSimulator.Deploy.0 = Debug|Any CPU
		{16F7FBF4-64A0-4544-BCAD-213A7BC6EDD4}.Release|Any CPU.ActiveCfg = Release|Any CPU
		{16F7FBF4-64A0-4544-BCAD-213A7BC6EDD4}.Release|Any CPU.Build.0 = Release|Any CPU
		{16F7FBF4-64A0-4544-BCAD-213A7BC6EDD4}.Release|Any CPU.Deploy.0 = Release|Any CPU
		{16F7FBF4-64A0-4544-BCAD-213A7BC6EDD4}.Release|iPhone.ActiveCfg = Release|Any CPU
		{16F7FBF4-64A0-4544-BCAD-213A7BC6EDD4}.Release|iPhone.Build.0 = Release|Any CPU
		{16F7FBF4-64A0-4544-BCAD-213A7BC6EDD4}.Release|iPhone.Deploy.0 = Release|Any CPU
		{16F7FBF4-64A0-4544-BCAD-213A7BC6EDD4}.Release|iPhoneSimulator.ActiveCfg = Release|Any CPU
		{16F7FBF4-64A0-4544-BCAD-213A7BC6EDD4}.Release|iPhoneSimulator.Build.0 = Release|Any CPU
		{16F7FBF4-64A0-4544-BCAD-213A7BC6EDD4}.Release|iPhoneSimulator.Deploy.0 = Release|Any CPU
	EndGlobalSection
	GlobalSection(SolutionProperties) = preSolution
		HideSolutionNode = FALSE
	EndGlobalSection
	GlobalSection(ExtensibilityGlobals) = postSolution
		SolutionGuid = {5EBB8AD0-71D6-443A-BB36-001FCAB26E8E}
	EndGlobalSection
EndGlobal
